
Microsoft Visual Studio Solution File, Format Version 12.00
# Visual Studio Version 17
<<<<<<< HEAD
VisualStudioVersion = 17.5.33424.131
=======
VisualStudioVersion = 17.5.33516.290
>>>>>>> 6911e941aa7c3798f1031e2efc00d7849c2cf013
MinimumVisualStudioVersion = 10.0.40219.1
Project("{FAE04EC0-301F-11D3-BF4B-00C04F79EFBC}") = "WebApplicationRRPortal", "WebApplicationRRPortal.csproj", "{DAF256B0-9178-4E3D-B564-D609F831731C}"
EndProject
Global
	GlobalSection(SolutionConfigurationPlatforms) = preSolution
		Debug|Any CPU = Debug|Any CPU
		Release|Any CPU = Release|Any CPU
	EndGlobalSection
	GlobalSection(ProjectConfigurationPlatforms) = postSolution
		{DAF256B0-9178-4E3D-B564-D609F831731C}.Debug|Any CPU.ActiveCfg = Debug|Any CPU
		{DAF256B0-9178-4E3D-B564-D609F831731C}.Debug|Any CPU.Build.0 = Debug|Any CPU
		{DAF256B0-9178-4E3D-B564-D609F831731C}.Release|Any CPU.ActiveCfg = Release|Any CPU
		{DAF256B0-9178-4E3D-B564-D609F831731C}.Release|Any CPU.Build.0 = Release|Any CPU
	EndGlobalSection
	GlobalSection(SolutionProperties) = preSolution
		HideSolutionNode = FALSE
	EndGlobalSection
	GlobalSection(ExtensibilityGlobals) = postSolution
<<<<<<< HEAD
		SolutionGuid = {447CA7D7-E70E-4498-AAE8-58265CF6CA1F}
=======
		SolutionGuid = {6F904117-D02F-4EF5-8507-36861233D91B}
>>>>>>> 6911e941aa7c3798f1031e2efc00d7849c2cf013
	EndGlobalSection
EndGlobal
